Microsoft Visual Studio Solution File, Format Version 12.00
# Visual Studio Version 17
VisualStudioVersion = 17.5.2.0
MinimumVisualStudioVersion = 10.0.40219.1
Project("{FAE04EC0-301F-11D3-BF4B-00C04F79EFBC}") = "WorkTimeTrackerServer", "WorkTimeTrackerServer.csproj", "{824ED01F-4718-3461-832E-64294DBF590F}"
EndProject
Global
	GlobalSection(SolutionConfigurationPlatforms) = preSolution
		Debug|Any CPU = Debug|Any CPU
		Release|Any CPU = Release|Any CPU
	EndGlobalSection
	GlobalSection(ProjectConfigurationPlatforms) = postSolution
		{824ED01F-4718-3461-832E-64294DBF590F}.Debug|Any CPU.ActiveCfg = Debug|Any CPU
		{824ED01F-4718-3461-832E-64294DBF590F}.Debug|Any CPU.Build.0 = Debug|Any CPU
		{824ED01F-4718-3461-832E-64294DBF590F}.Release|Any CPU.ActiveCfg = Release|Any CPU
		{824ED01F-4718-3461-832E-64294DBF590F}.Release|Any CPU.Build.0 = Release|Any CPU
	EndGlobalSection
	GlobalSection(SolutionProperties) = preSolution
		HideSolutionNode = FALSE
	EndGlobalSection
	GlobalSection(ExtensibilityGlobals) = postSolution
		SolutionGuid = {90C9C9A7-EB96-4DF4-ADBE-80EA83CB695F}
	EndGlobalSection
EndGlobal
